// !$*UTF8*$!
{
	archiveVersion = 1;
	classes = {
	};
	objectVersion = 52;
	objects = {

/* Begin PBXBuildFile section */
		9B12E32B26DF92A400898156 /* DragZoom.swift in Sources */ = {isa = PBXBuildFile; fileRef = 9B12E32A26DF92A400898156 /* DragZoom.swift */; };
		9B12E32D26DF9B8200898156 /* LadybugEffectView.swift in Sources */ = {isa = PBXBuildFile; fileRef = 9B12E32C26DF9B8200898156 /* LadybugEffectView.swift */; };
		9B26B65F26D9D3390083D76E /* CustomPager.swift in Sources */ = {isa = PBXBuildFile; fileRef = 9B26B65E26D9D3390083D76E /* CustomPager.swift */; };
		9B2B8A1C26DC9B3700EA2CED /* gesture.swift in Sources */ = {isa = PBXBuildFile; fileRef = 9B2B8A1B26DC9B3700EA2CED /* gesture.swift */; };
		9B2B8A1E26DCABE300EA2CED /* FirstLaunch.swift in Sources */ = {isa = PBXBuildFile; fileRef = 9B2B8A1D26DCABE300EA2CED /* FirstLaunch.swift */; };
		9B2B8A2126DCBABD00EA2CED /* SettingView.swift in Sources */ = {isa = PBXBuildFile; fileRef = 9B2B8A2026DCBABD00EA2CED /* SettingView.swift */; };
		9B2B8A2326DCEA5B00EA2CED /* SettingViewModel.swift in Sources */ = {isa = PBXBuildFile; fileRef = 9B2B8A2226DCEA5B00EA2CED /* SettingViewModel.swift */; };
		9B2B8A2526DCF4B700EA2CED /* CustomColors.swift in Sources */ = {isa = PBXBuildFile; fileRef = 9B2B8A2426DCF4B700EA2CED /* CustomColors.swift */; };
		9B321ABD26D902D8007D632C /* SwiftUIPager in Frameworks */ = {isa = PBXBuildFile; productRef = 9B321ABC26D902D8007D632C /* SwiftUIPager */; };
		9B49D0C926D33EEF0021E14C /* NNCK_App.swift in Sources */ = {isa = PBXBuildFile; fileRef = 9B49D0C826D33EEF0021E14C /* NNCK_App.swift */; };
		9B49D0CB26D33EEF0021E14C /* ContentView.swift in Sources */ = {isa = PBXBuildFile; fileRef = 9B49D0CA26D33EEF0021E14C /* ContentView.swift */; };
		9B49D0CD26D33EF00021E14C /* Assets.xcassets in Resources */ = {isa = PBXBuildFile; fileRef = 9B49D0CC26D33EF00021E14C /* Assets.xcassets */; };
		9B49D0D026D33EF00021E14C /* Preview Assets.xcassets in Resources */ = {isa = PBXBuildFile; fileRef = 9B49D0CF26D33EF00021E14C /* Preview Assets.xcassets */; };
		9B49D0EC26D33EFA0021E14C /* catsound_clipped.mp4 in Resources */ = {isa = PBXBuildFile; fileRef = 9B49D0D926D33EFA0021E14C /* catsound_clipped.mp4 */; };
		9B49D0ED26D33EFA0021E14C /* catsound_clipped2.mp4 in Resources */ = {isa = PBXBuildFile; fileRef = 9B49D0DA26D33EFA0021E14C /* catsound_clipped2.mp4 */; };
		9B49D0EE26D33EFA0021E14C /* bird-clipped.mp4 in Resources */ = {isa = PBXBuildFile; fileRef = 9B49D0DB26D33EFA0021E14C /* bird-clipped.mp4 */; };
		9B49D0EF26D33EFA0021E14C /* CameraVIewModel.swift in Sources */ = {isa = PBXBuildFile; fileRef = 9B49D0DD26D33EFA0021E14C /* CameraVIewModel.swift */; };
		9B49D0F026D33EFA0021E14C /* SoundViewModel.swift in Sources */ = {isa = PBXBuildFile; fileRef = 9B49D0DE26D33EFA0021E14C /* SoundViewModel.swift */; };
		9B49D0F526D33EFA0021E14C /* PermissionRequestView.swift in Sources */ = {isa = PBXBuildFile; fileRef = 9B49D0E626D33EFA0021E14C /* PermissionRequestView.swift */; };
		9B49D0F626D33EFA0021E14C /* LaserEffectView.swift in Sources */ = {isa = PBXBuildFile; fileRef = 9B49D0E826D33EFA0021E14C /* LaserEffectView.swift */; };
		9B49D0F726D33EFA0021E14C /* Camera.swift in Sources */ = {isa = PBXBuildFile; fileRef = 9B49D0EA26D33EFA0021E14C /* Camera.swift */; };
		9B49D0F826D33EFA0021E14C /* Sound.swift in Sources */ = {isa = PBXBuildFile; fileRef = 9B49D0EB26D33EFA0021E14C /* Sound.swift */; };
		9B49D0FE26D349E90021E14C /* NewAlbumView.swift in Sources */ = {isa = PBXBuildFile; fileRef = 9B49D0FD26D349E90021E14C /* NewAlbumView.swift */; };
		9B49D10326D365F50021E14C /* AlbumView.swift in Sources */ = {isa = PBXBuildFile; fileRef = 9B49D0FF26D365F50021E14C /* AlbumView.swift */; };
		9B49D10526D365F50021E14C /* CameraView.swift in Sources */ = {isa = PBXBuildFile; fileRef = 9B49D10126D365F50021E14C /* CameraView.swift */; };
		9B49D10626D365F50021E14C /* SoundButtonView.swift in Sources */ = {isa = PBXBuildFile; fileRef = 9B49D10226D365F50021E14C /* SoundButtonView.swift */; };
		9B49D10826D3A37A0021E14C /* Album.swift in Sources */ = {isa = PBXBuildFile; fileRef = 9B49D10726D3A37A0021E14C /* Album.swift */; };
		9B49D10A26D3AB9E0021E14C /* AlbumViewModel.swift in Sources */ = {isa = PBXBuildFile; fileRef = 9B49D10926D3AB9E0021E14C /* AlbumViewModel.swift */; };
		9B50CDDC26D7341600D6D91F /* Tappage.swift in Sources */ = {isa = PBXBuildFile; fileRef = 9B50CDDB26D7341600D6D91F /* Tappage.swift */; };
		9BBEC0F426D7A3FA0027853B /* CustomContextView.swift in Sources */ = {isa = PBXBuildFile; fileRef = 9BBEC0F326D7A3FA0027853B /* CustomContextView.swift */; };
		9BBEC0F626D7A5330027853B /* contextmeny.swift in Sources */ = {isa = PBXBuildFile; fileRef = 9BBEC0F526D7A5330027853B /* contextmeny.swift */; };
/* End PBXBuildFile section */

/* Begin PBXFileReference section */
		9B12E32A26DF92A400898156 /* DragZoom.swift */ = {isa = PBXFileReference; lastKnownFileType = sourcecode.swift; path = DragZoom.swift; sourceTree = "<group>"; };
		9B12E32C26DF9B8200898156 /* LadybugEffectView.swift */ = {isa = PBXFileReference; lastKnownFileType = sourcecode.swift; path = LadybugEffectView.swift; sourceTree = "<group>"; };
		9B26B65E26D9D3390083D76E /* CustomPager.swift */ = {isa = PBXFileReference; lastKnownFileType = sourcecode.swift; path = CustomPager.swift; sourceTree = "<group>"; };
		9B2B8A1B26DC9B3700EA2CED /* gesture.swift */ = {isa = PBXFileReference; lastKnownFileType = sourcecode.swift; path = gesture.swift; sourceTree = "<group>"; };
		9B2B8A1D26DCABE300EA2CED /* FirstLaunch.swift */ = {isa = PBXFileReference; lastKnownFileType = sourcecode.swift; path = FirstLaunch.swift; sourceTree = "<group>"; };
		9B2B8A2026DCBABD00EA2CED /* SettingView.swift */ = {isa = PBXFileReference; lastKnownFileType = sourcecode.swift; path = SettingView.swift; sourceTree = "<group>"; };
		9B2B8A2226DCEA5B00EA2CED /* SettingViewModel.swift */ = {isa = PBXFileReference; lastKnownFileType = sourcecode.swift; path = SettingViewModel.swift; sourceTree = "<group>"; };
		9B2B8A2426DCF4B700EA2CED /* CustomColors.swift */ = {isa = PBXFileReference; lastKnownFileType = sourcecode.swift; path = CustomColors.swift; sourceTree = "<group>"; };
		9B49D0C526D33EEF0021E14C /* NNCK!.app */ = {isa = PBXFileReference; explicitFileType = wrapper.application; includeInIndex = 0; path = "NNCK!.app"; sourceTree = BUILT_PRODUCTS_DIR; };
		9B49D0C826D33EEF0021E14C /* NNCK_App.swift */ = {isa = PBXFileReference; lastKnownFileType = sourcecode.swift; path = NNCK_App.swift; sourceTree = "<group>"; };
		9B49D0CA26D33EEF0021E14C /* ContentView.swift */ = {isa = PBXFileReference; lastKnownFileType = sourcecode.swift; path = ContentView.swift; sourceTree = "<group>"; };
		9B49D0CC26D33EF00021E14C /* Assets.xcassets */ = {isa = PBXFileReference; lastKnownFileType = folder.assetcatalog; path = Assets.xcassets; sourceTree = "<group>"; };
		9B49D0CF26D33EF00021E14C /* Preview Assets.xcassets */ = {isa = PBXFileReference; lastKnownFileType = folder.assetcatalog; path = "Preview Assets.xcassets"; sourceTree = "<group>"; };
		9B49D0D126D33EF00021E14C /* Info.plist */ = {isa = PBXFileReference; lastKnownFileType = text.plist.xml; path = Info.plist; sourceTree = "<group>"; };
		9B49D0D926D33EFA0021E14C /* catsound_clipped.mp4 */ = {isa = PBXFileReference; lastKnownFileType = file; path = catsound_clipped.mp4; sourceTree = "<group>"; };
		9B49D0DA26D33EFA0021E14C /* catsound_clipped2.mp4 */ = {isa = PBXFileReference; lastKnownFileType = file; path = catsound_clipped2.mp4; sourceTree = "<group>"; };
		9B49D0DB26D33EFA0021E14C /* bird-clipped.mp4 */ = {isa = PBXFileReference; lastKnownFileType = file; path = "bird-clipped.mp4"; sourceTree = "<group>"; };
		9B49D0DD26D33EFA0021E14C /* CameraVIewModel.swift */ = {isa = PBXFileReference; fileEncoding = 4; lastKnownFileType = sourcecode.swift; path = CameraVIewModel.swift; sourceTree = "<group>"; };
		9B49D0DE26D33EFA0021E14C /* SoundViewModel.swift */ = {isa = PBXFileReference; fileEncoding = 4; lastKnownFileType = sourcecode.swift; path = SoundViewModel.swift; sourceTree = "<group>"; };
		9B49D0E626D33EFA0021E14C /* PermissionRequestView.swift */ = {isa = PBXFileReference; fileEncoding = 4; lastKnownFileType = sourcecode.swift; path = PermissionRequestView.swift; sourceTree = "<group>"; };
		9B49D0E826D33EFA0021E14C /* LaserEffectView.swift */ = {isa = PBXFileReference; fileEncoding = 4; lastKnownFileType = sourcecode.swift; path = LaserEffectView.swift; sourceTree = "<group>"; };
		9B49D0EA26D33EFA0021E14C /* Camera.swift */ = {isa = PBXFileReference; fileEncoding = 4; lastKnownFileType = sourcecode.swift; path = Camera.swift; sourceTree = "<group>"; };
		9B49D0EB26D33EFA0021E14C /* Sound.swift */ = {isa = PBXFileReference; fileEncoding = 4; lastKnownFileType = sourcecode.swift; path = Sound.swift; sourceTree = "<group>"; };
		9B49D0FD26D349E90021E14C /* NewAlbumView.swift */ = {isa = PBXFileReference; lastKnownFileType = sourcecode.swift; path = NewAlbumView.swift; sourceTree = "<group>"; };
		9B49D0FF26D365F50021E14C /* AlbumView.swift */ = {isa = PBXFileReference; fileEncoding = 4; lastKnownFileType = sourcecode.swift; path = AlbumView.swift; sourceTree = "<group>"; };
		9B49D10126D365F50021E14C /* CameraView.swift */ = {isa = PBXFileReference; fileEncoding = 4; lastKnownFileType = sourcecode.swift; path = CameraView.swift; sourceTree = "<group>"; };
		9B49D10226D365F50021E14C /* SoundButtonView.swift */ = {isa = PBXFileReference; fileEncoding = 4; lastKnownFileType = sourcecode.swift; path = SoundButtonView.swift; sourceTree = "<group>"; };
		9B49D10726D3A37A0021E14C /* Album.swift */ = {isa = PBXFileReference; lastKnownFileType = sourcecode.swift; path = Album.swift; sourceTree = "<group>"; };
		9B49D10926D3AB9E0021E14C /* AlbumViewModel.swift */ = {isa = PBXFileReference; lastKnownFileType = sourcecode.swift; path = AlbumViewModel.swift; sourceTree = "<group>"; };
		9B50CDDB26D7341600D6D91F /* Tappage.swift */ = {isa = PBXFileReference; lastKnownFileType = sourcecode.swift; path = Tappage.swift; sourceTree = "<group>"; };
		9BBEC0F326D7A3FA0027853B /* CustomContextView.swift */ = {isa = PBXFileReference; lastKnownFileType = sourcecode.swift; path = CustomContextView.swift; sourceTree = "<group>"; };
		9BBEC0F526D7A5330027853B /* contextmeny.swift */ = {isa = PBXFileReference; lastKnownFileType = sourcecode.swift; path = contextmeny.swift; sourceTree = "<group>"; };
/* End PBXFileReference section */

/* Begin PBXFrameworksBuildPhase section */
		9B49D0C226D33EEF0021E14C /* Frameworks */ = {
			isa = PBXFrameworksBuildPhase;
			buildActionMask = 2147483647;
			files = (
				9B321ABD26D902D8007D632C /* SwiftUIPager in Frameworks */,
			);
			runOnlyForDeploymentPostprocessing = 0;
		};
/* End PBXFrameworksBuildPhase section */

/* Begin PBXGroup section */
		9B2B8A1F26DCBAB000EA2CED /* Setting */ = {
			isa = PBXGroup;
			children = (
				9B2B8A2026DCBABD00EA2CED /* SettingView.swift */,
			);
			path = Setting;
			sourceTree = "<group>";
		};
		9B49D0BC26D33EEF0021E14C = {
			isa = PBXGroup;
			children = (
				9B49D0C726D33EEF0021E14C /* NNCK! */,
				9B49D0C626D33EEF0021E14C /* Products */,
			);
			sourceTree = "<group>";
		};
		9B49D0C626D33EEF0021E14C /* Products */ = {
			isa = PBXGroup;
			children = (
				9B49D0C526D33EEF0021E14C /* NNCK!.app */,
			);
			name = Products;
			sourceTree = "<group>";
		};
		9B49D0C726D33EEF0021E14C /* NNCK! */ = {
			isa = PBXGroup;
			children = (
				9B49D0D726D33EFA0021E14C /* Data */,
				9B49D0DF26D33EFA0021E14C /* View */,
				9B49D0DC26D33EFA0021E14C /* ViewModel */,
				9B49D0E926D33EFA0021E14C /* Model */,
				9B49D0C826D33EEF0021E14C /* NNCK_App.swift */,
				9B49D0CA26D33EEF0021E14C /* ContentView.swift */,
				9B49D0CC26D33EF00021E14C /* Assets.xcassets */,
				9B49D0D126D33EF00021E14C /* Info.plist */,
				9B2B8A1D26DCABE300EA2CED /* FirstLaunch.swift */,
				9BBEC0F326D7A3FA0027853B /* CustomContextView.swift */,
				9B26B65E26D9D3390083D76E /* CustomPager.swift */,
				9B2B8A2426DCF4B700EA2CED /* CustomColors.swift */,
				9B50CDBC26D7288A00D6D91F /* Tomb */,
				9B49D0CE26D33EF00021E14C /* Preview Content */,
			);
			path = "NNCK!";
			sourceTree = "<group>";
		};
		9B49D0CE26D33EF00021E14C /* Preview Content */ = {
			isa = PBXGroup;
			children = (
				9B49D0CF26D33EF00021E14C /* Preview Assets.xcassets */,
			);
			path = "Preview Content";
			sourceTree = "<group>";
		};
		9B49D0D726D33EFA0021E14C /* Data */ = {
			isa = PBXGroup;
			children = (
				9B49D0D826D33EFA0021E14C /* Sounds */,
			);
			path = Data;
			sourceTree = "<group>";
		};
		9B49D0D826D33EFA0021E14C /* Sounds */ = {
			isa = PBXGroup;
			children = (
				9B49D0D926D33EFA0021E14C /* catsound_clipped.mp4 */,
				9B49D0DA26D33EFA0021E14C /* catsound_clipped2.mp4 */,
				9B49D0DB26D33EFA0021E14C /* bird-clipped.mp4 */,
			);
			path = Sounds;
			sourceTree = "<group>";
		};
		9B49D0DC26D33EFA0021E14C /* ViewModel */ = {
			isa = PBXGroup;
			children = (
				9B49D0DD26D33EFA0021E14C /* CameraVIewModel.swift */,
				9B49D0DE26D33EFA0021E14C /* SoundViewModel.swift */,
				9B49D10926D3AB9E0021E14C /* AlbumViewModel.swift */,
				9B2B8A2226DCEA5B00EA2CED /* SettingViewModel.swift */,
			);
			path = ViewModel;
			sourceTree = "<group>";
		};
		9B49D0DF26D33EFA0021E14C /* View */ = {
			isa = PBXGroup;
			children = (
				9B2B8A1F26DCBAB000EA2CED /* Setting */,
				9B49D0E026D33EFA0021E14C /* Main */,
				9B49D0E726D33EFA0021E14C /* Effects */,
			);
			path = View;
			sourceTree = "<group>";
		};
		9B49D0E026D33EFA0021E14C /* Main */ = {
			isa = PBXGroup;
			children = (
				9B49D0E126D33EFA0021E14C /* Camera */,
				9B49D0E626D33EFA0021E14C /* PermissionRequestView.swift */,
			);
			path = Main;
			sourceTree = "<group>";
		};
		9B49D0E126D33EFA0021E14C /* Camera */ = {
			isa = PBXGroup;
			children = (
				9B49D10126D365F50021E14C /* CameraView.swift */,
				9B49D0FD26D349E90021E14C /* NewAlbumView.swift */,
				9B49D10226D365F50021E14C /* SoundButtonView.swift */,
			);
			path = Camera;
			sourceTree = "<group>";
		};
		9B49D0E726D33EFA0021E14C /* Effects */ = {
			isa = PBXGroup;
			children = (
				9B49D0E826D33EFA0021E14C /* LaserEffectView.swift */,
				9B12E32C26DF9B8200898156 /* LadybugEffectView.swift */,
			);
			path = Effects;
			sourceTree = "<group>";
		};
		9B49D0E926D33EFA0021E14C /* Model */ = {
			isa = PBXGroup;
			children = (
				9B49D0EA26D33EFA0021E14C /* Camera.swift */,
				9B49D10726D3A37A0021E14C /* Album.swift */,
				9B49D0EB26D33EFA0021E14C /* Sound.swift */,
			);
			path = Model;
			sourceTree = "<group>";
		};
		9B50CDBC26D7288A00D6D91F /* Tomb */ = {
			isa = PBXGroup;
			children = (
				9B49D0FF26D365F50021E14C /* AlbumView.swift */,
				9B50CDDB26D7341600D6D91F /* Tappage.swift */,
				9BBEC0F526D7A5330027853B /* contextmeny.swift */,
				9B2B8A1B26DC9B3700EA2CED /* gesture.swift */,
				9B12E32A26DF92A400898156 /* DragZoom.swift */,
			);
			path = Tomb;
			sourceTree = "<group>";
		};
/* End PBXGroup section */

/* Begin PBXNativeTarget section */
		9B49D0C426D33EEF0021E14C /* NNCK! */ = {
			isa = PBXNativeTarget;
			buildConfigurationList = 9B49D0D426D33EF00021E14C /* Build configuration list for PBXNativeTarget "NNCK!" */;
			buildPhases = (
				9B49D0C126D33EEF0021E14C /* Sources */,
				9B49D0C226D33EEF0021E14C /* Frameworks */,
				9B49D0C326D33EEF0021E14C /* Resources */,
			);
			buildRules = (
			);
			dependencies = (
			);
			name = "NNCK!";
			packageProductDependencies = (
				9B321ABC26D902D8007D632C /* SwiftUIPager */,
			);
			productName = "NNCK!";
			productReference = 9B49D0C526D33EEF0021E14C /* NNCK!.app */;
			productType = "com.apple.product-type.application";
		};
/* End PBXNativeTarget section */

/* Begin PBXProject section */
		9B49D0BD26D33EEF0021E14C /* Project object */ = {
			isa = PBXProject;
			attributes = {
				LastSwiftUpdateCheck = 1250;
				LastUpgradeCheck = 1250;
				TargetAttributes = {
					9B49D0C426D33EEF0021E14C = {
						CreatedOnToolsVersion = 12.5.1;
					};
				};
			};
			buildConfigurationList = 9B49D0C026D33EEF0021E14C /* Build configuration list for PBXProject "NNCK!" */;
			compatibilityVersion = "Xcode 9.3";
			developmentRegion = en;
			hasScannedForEncodings = 0;
			knownRegions = (
				en,
				Base,
			);
			mainGroup = 9B49D0BC26D33EEF0021E14C;
			packageReferences = (
				9B321ABB26D902D8007D632C /* XCRemoteSwiftPackageReference "SwiftUIPager" */,
			);
			productRefGroup = 9B49D0C626D33EEF0021E14C /* Products */;
			projectDirPath = "";
			projectRoot = "";
			targets = (
				9B49D0C426D33EEF0021E14C /* NNCK! */,
			);
		};
/* End PBXProject section */

/* Begin PBXResourcesBuildPhase section */
		9B49D0C326D33EEF0021E14C /* Resources */ = {
			isa = PBXResourcesBuildPhase;
			buildActionMask = 2147483647;
			files = (
				9B49D0EE26D33EFA0021E14C /* bird-clipped.mp4 in Resources */,
				9B49D0D026D33EF00021E14C /* Preview Assets.xcassets in Resources */,
				9B49D0CD26D33EF00021E14C /* Assets.xcassets in Resources */,
				9B49D0EC26D33EFA0021E14C /* catsound_clipped.mp4 in Resources */,
				9B49D0ED26D33EFA0021E14C /* catsound_clipped2.mp4 in Resources */,
			);
			runOnlyForDeploymentPostprocessing = 0;
		};
/* End PBXResourcesBuildPhase section */

/* Begin PBXSourcesBuildPhase section */
		9B49D0C126D33EEF0021E14C /* Sources */ = {
			isa = PBXSourcesBuildPhase;
			buildActionMask = 2147483647;
			files = (
				9B49D10326D365F50021E14C /* AlbumView.swift in Sources */,
				9B49D0F726D33EFA0021E14C /* Camera.swift in Sources */,
				9B49D10526D365F50021E14C /* CameraView.swift in Sources */,
				9B2B8A1C26DC9B3700EA2CED /* gesture.swift in Sources */,
				9B49D0F026D33EFA0021E14C /* SoundViewModel.swift in Sources */,
				9B49D10626D365F50021E14C /* SoundButtonView.swift in Sources */,
				9B49D0CB26D33EEF0021E14C /* ContentView.swift in Sources */,
				9B49D0F626D33EFA0021E14C /* LaserEffectView.swift in Sources */,
				9BBEC0F426D7A3FA0027853B /* CustomContextView.swift in Sources */,
				9B26B65F26D9D3390083D76E /* CustomPager.swift in Sources */,
				9B49D0F826D33EFA0021E14C /* Sound.swift in Sources */,
				9B49D10826D3A37A0021E14C /* Album.swift in Sources */,
				9B12E32B26DF92A400898156 /* DragZoom.swift in Sources */,
				9B2B8A2126DCBABD00EA2CED /* SettingView.swift in Sources */,
				9B2B8A2526DCF4B700EA2CED /* CustomColors.swift in Sources */,
				9B49D0F526D33EFA0021E14C /* PermissionRequestView.swift in Sources */,
				9B50CDDC26D7341600D6D91F /* Tappage.swift in Sources */,
				9B49D0C926D33EEF0021E14C /* NNCK_App.swift in Sources */,
				9B12E32D26DF9B8200898156 /* LadybugEffectView.swift in Sources */,
				9B2B8A1E26DCABE300EA2CED /* FirstLaunch.swift in Sources */,
				9B49D10A26D3AB9E0021E14C /* AlbumViewModel.swift in Sources */,
				9BBEC0F626D7A5330027853B /* contextmeny.swift in Sources */,
				9B2B8A2326DCEA5B00EA2CED /* SettingViewModel.swift in Sources */,
				9B49D0EF26D33EFA0021E14C /* CameraVIewModel.swift in Sources */,
				9B49D0FE26D349E90021E14C /* NewAlbumView.swift in Sources */,
			);
			runOnlyForDeploymentPostprocessing = 0;
		};
/* End PBXSourcesBuildPhase section */

/* Begin XCBuildConfiguration section */
		9B49D0D226D33EF00021E14C /* Debug */ = {
			isa = XCBuildConfiguration;
			buildSettings = {
				ALWAYS_SEARCH_USER_PATHS = NO;
				CLANG_ANALYZER_NONNULL = YES;
				CLANG_ANALYZER_NUMBER_OBJECT_CONVERSION = YES_AGGRESSIVE;
				CLANG_CXX_LANGUAGE_STANDARD = "gnu++14";
				CLANG_CXX_LIBRARY = "libc++";
				CLANG_ENABLE_MODULES = YES;
				CLANG_ENABLE_OBJC_ARC = YES;
				CLANG_ENABLE_OBJC_WEAK = YES;
				CLANG_WARN_BLOCK_CAPTURE_AUTORELEASING = YES;
				CLANG_WARN_BOOL_CONVERSION = YES;
				CLANG_WARN_COMMA = YES;
				CLANG_WARN_CONSTANT_CONVERSION = YES;
				CLANG_WARN_DEPRECATED_OBJC_IMPLEMENTATIONS = YES;
				CLANG_WARN_DIRECT_OBJC_ISA_USAGE = YES_ERROR;
				CLANG_WARN_DOCUMENTATION_COMMENTS = YES;
				CLANG_WARN_EMPTY_BODY = YES;
				CLANG_WARN_ENUM_CONVERSION = YES;
				CLANG_WARN_INFINITE_RECURSION = YES;
				CLANG_WARN_INT_CONVERSION = YES;
				CLANG_WARN_NON_LITERAL_NULL_CONVERSION = YES;
				CLANG_WARN_OBJC_IMPLICIT_RETAIN_SELF = YES;
				CLANG_WARN_OBJC_LITERAL_CONVERSION = YES;
				CLANG_WARN_OBJC_ROOT_CLASS = YES_ERROR;
				CLANG_WARN_QUOTED_INCLUDE_IN_FRAMEWORK_HEADER = YES;
				CLANG_WARN_RANGE_LOOP_ANALYSIS = YES;
				CLANG_WARN_STRICT_PROTOTYPES = YES;
				CLANG_WARN_SUSPICIOUS_MOVE = YES;
				CLANG_WARN_UNGUARDED_AVAILABILITY = YES_AGGRESSIVE;
				CLANG_WARN_UNREACHABLE_CODE = YES;
				CLANG_WARN__DUPLICATE_METHOD_MATCH = YES;
				COPY_PHASE_STRIP = NO;
				DEBUG_INFORMATION_FORMAT = dwarf;
				ENABLE_STRICT_OBJC_MSGSEND = YES;
				ENABLE_TESTABILITY = YES;
				GCC_C_LANGUAGE_STANDARD = gnu11;
				GCC_DYNAMIC_NO_PIC = NO;
				GCC_NO_COMMON_BLOCKS = YES;
				GCC_OPTIMIZATION_LEVEL = 0;
				GCC_PREPROCESSOR_DEFINITIONS = (
					"DEBUG=1",
					"$(inherited)",
				);
				GCC_WARN_64_TO_32_BIT_CONVERSION = YES;
				GCC_WARN_ABOUT_RETURN_TYPE = YES_ERROR;
				GCC_WARN_UNDECLARED_SELECTOR = YES;
				GCC_WARN_UNINITIALIZED_AUTOS = YES_AGGRESSIVE;
				GCC_WARN_UNUSED_FUNCTION = YES;
				GCC_WARN_UNUSED_VARIABLE = YES;
				IPHONEOS_DEPLOYMENT_TARGET = 14.5;
				MTL_ENABLE_DEBUG_INFO = INCLUDE_SOURCE;
				MTL_FAST_MATH = YES;
				ONLY_ACTIVE_ARCH = YES;
				SDKROOT = iphoneos;
				SWIFT_ACTIVE_COMPILATION_CONDITIONS = DEBUG;
				SWIFT_OPTIMIZATION_LEVEL = "-Onone";
			};
			name = Debug;
		};
		9B49D0D326D33EF00021E14C /* Release */ = {
			isa = XCBuildConfiguration;
			buildSettings = {
				ALWAYS_SEARCH_USER_PATHS = NO;
				CLANG_ANALYZER_NONNULL = YES;
				CLANG_ANALYZER_NUMBER_OBJECT_CONVERSION = YES_AGGRESSIVE;
				CLANG_CXX_LANGUAGE_STANDARD = "gnu++14";
				CLANG_CXX_LIBRARY = "libc++";
				CLANG_ENABLE_MODULES = YES;
				CLANG_ENABLE_OBJC_ARC = YES;
				CLANG_ENABLE_OBJC_WEAK = YES;
				CLANG_WARN_BLOCK_CAPTURE_AUTORELEASING = YES;
				CLANG_WARN_BOOL_CONVERSION = YES;
				CLANG_WARN_COMMA = YES;
				CLANG_WARN_CONSTANT_CONVERSION = YES;
				CLANG_WARN_DEPRECATED_OBJC_IMPLEMENTATIONS = YES;
				CLANG_WARN_DIRECT_OBJC_ISA_USAGE = YES_ERROR;
				CLANG_WARN_DOCUMENTATION_COMMENTS = YES;
				CLANG_WARN_EMPTY_BODY = YES;
				CLANG_WARN_ENUM_CONVERSION = YES;
				CLANG_WARN_INFINITE_RECURSION = YES;
				CLANG_WARN_INT_CONVERSION = YES;
				CLANG_WARN_NON_LITERAL_NULL_CONVERSION = YES;
				CLANG_WARN_OBJC_IMPLICIT_RETAIN_SELF = YES;
				CLANG_WARN_OBJC_LITERAL_CONVERSION = YES;
				CLANG_WARN_OBJC_ROOT_CLASS = YES_ERROR;
				CLANG_WARN_QUOTED_INCLUDE_IN_FRAMEWORK_HEADER = YES;
				CLANG_WARN_RANGE_LOOP_ANALYSIS = YES;
				CLANG_WARN_STRICT_PROTOTYPES = YES;
				CLANG_WARN_SUSPICIOUS_MOVE = YES;
				CLANG_WARN_UNGUARDED_AVAILABILITY = YES_AGGRESSIVE;
				CLANG_WARN_UNREACHABLE_CODE = YES;
				CLANG_WARN__DUPLICATE_METHOD_MATCH = YES;
				COPY_PHASE_STRIP = NO;
				DEBUG_INFORMATION_FORMAT = "dwarf-with-dsym";
				ENABLE_NS_ASSERTIONS = NO;
				ENABLE_STRICT_OBJC_MSGSEND = YES;
				GCC_C_LANGUAGE_STANDARD = gnu11;
				GCC_NO_COMMON_BLOCKS = YES;
				GCC_WARN_64_TO_32_BIT_CONVERSION = YES;
				GCC_WARN_ABOUT_RETURN_TYPE = YES_ERROR;
				GCC_WARN_UNDECLARED_SELECTOR = YES;
				GCC_WARN_UNINITIALIZED_AUTOS = YES_AGGRESSIVE;
				GCC_WARN_UNUSED_FUNCTION = YES;
				GCC_WARN_UNUSED_VARIABLE = YES;
				IPHONEOS_DEPLOYMENT_TARGET = 14.5;
				MTL_ENABLE_DEBUG_INFO = NO;
				MTL_FAST_MATH = YES;
				SDKROOT = iphoneos;
				SWIFT_COMPILATION_MODE = wholemodule;
				SWIFT_OPTIMIZATION_LEVEL = "-O";
				VALIDATE_PRODUCT = YES;
			};
			name = Release;
		};
		9B49D0D526D33EF00021E14C /* Debug */ = {
			isa = XCBuildConfiguration;
			buildSettings = {
				ASSETCATALOG_COMPILER_APPICON_NAME = AppIcon;
				ASSETCATALOG_COMPILER_GLOBAL_ACCENT_COLOR_NAME = AccentColor;
				CODE_SIGN_STYLE = Automatic;
				DEVELOPMENT_ASSET_PATHS = "\"NNCK!/Preview Content\"";
				DEVELOPMENT_TEAM = W6QHM4Y43Z;
				ENABLE_PREVIEWS = YES;
				INFOPLIST_FILE = "NNCK!/Info.plist";
				IPHONEOS_DEPLOYMENT_TARGET = 14.0;
				LD_RUNPATH_SEARCH_PATHS = (
					"$(inherited)",
					"@executable_path/Frameworks",
				);
				PRODUCT_BUNDLE_IDENTIFIER = "com.enebin.NNCK-";
				PRODUCT_NAME = "$(TARGET_NAME)";
				SWIFT_VERSION = 5.0;
				TARGETED_DEVICE_FAMILY = "1,2";
			};
			name = Debug;
		};
		9B49D0D626D33EF00021E14C /* Release */ = {
			isa = XCBuildConfiguration;
			buildSettings = {
				ASSETCATALOG_COMPILER_APPICON_NAME = AppIcon;
				ASSETCATALOG_COMPILER_GLOBAL_ACCENT_COLOR_NAME = AccentColor;
				CODE_SIGN_STYLE = Automatic;
				DEVELOPMENT_ASSET_PATHS = "\"NNCK!/Preview Content\"";
				DEVELOPMENT_TEAM = W6QHM4Y43Z;
				ENABLE_PREVIEWS = YES;
				INFOPLIST_FILE = "NNCK!/Info.plist";
				IPHONEOS_DEPLOYMENT_TARGET = 14.0;
				LD_RUNPATH_SEARCH_PATHS = (
					"$(inherited)",
					"@executable_path/Frameworks",
				);
				PRODUCT_BUNDLE_IDENTIFIER = "com.enebin.NNCK-";
				PRODUCT_NAME = "$(TARGET_NAME)";
				SWIFT_VERSION = 5.0;
				TARGETED_DEVICE_FAMILY = "1,2";
			};
			name = Release;
		};
/* End XCBuildConfiguration section */

/* Begin XCConfigurationList section */
		9B49D0C026D33EEF0021E14C /* Build configuration list for PBXProject "NNCK!" */ = {
			isa = XCConfigurationList;
			buildConfigurations = (
				9B49D0D226D33EF00021E14C /* Debug */,
				9B49D0D326D33EF00021E14C /* Release */,
			);
			defaultConfigurationIsVisible = 0;
			defaultConfigurationName = Release;
		};
		9B49D0D426D33EF00021E14C /* Build configuration list for PBXNativeTarget "NNCK!" */ = {
			isa = XCConfigurationList;
			buildConfigurations = (
				9B49D0D526D33EF00021E14C /* Debug */,
				9B49D0D626D33EF00021E14C /* Release */,
			);
			defaultConfigurationIsVisible = 0;
			defaultConfigurationName = Release;
		};
/* End XCConfigurationList section */

/* Begin XCRemoteSwiftPackageReference section */
		9B321ABB26D902D8007D632C /* XCRemoteSwiftPackageReference "SwiftUIPager" */ = {
			isa = XCRemoteSwiftPackageReference;
			repositoryURL = "https://github.com/fermoya/SwiftUIPager";
			requirement = {
				kind = upToNextMajorVersion;
				minimumVersion = 2.3.1;
			};
		};
/* End XCRemoteSwiftPackageReference section */

/* Begin XCSwiftPackageProductDependency section */
		9B321ABC26D902D8007D632C /* SwiftUIPager */ = {
			isa = XCSwiftPackageProductDependency;
			package = 9B321ABB26D902D8007D632C /* XCRemoteSwiftPackageReference "SwiftUIPager" */;
			productName = SwiftUIPager;
		};
/* End XCSwiftPackageProductDependency section */
	};
	rootObject = 9B49D0BD26D33EEF0021E14C /* Project object */;
}
