// !$*UTF8*$!
{
	archiveVersion = 1;
	classes = {
	};
	objectVersion = 51;
	objects = {

/* Begin PBXBuildFile section */
		9B093CDA26E5B03900070425 /* EffectsEnum.swift in Sources */ = {isa = PBXBuildFile; fileRef = 9B093CD926E5B03900070425 /* EffectsEnum.swift */; };
		9B12E32B26DF92A400898156 /* DragZoom.swift in Sources */ = {isa = PBXBuildFile; fileRef = 9B12E32A26DF92A400898156 /* DragZoom.swift */; };
		9B12E32D26DF9B8200898156 /* FloatingMotionView.swift in Sources */ = {isa = PBXBuildFile; fileRef = 9B12E32C26DF9B8200898156 /* FloatingMotionView.swift */; };
		9B214DDF26E748920055B5C9 /* StoreKit.framework in Frameworks */ = {isa = PBXBuildFile; fileRef = 9B214DDE26E748920055B5C9 /* StoreKit.framework */; };
		9B214DE326E74B2B0055B5C9 /* IAP.swift in Sources */ = {isa = PBXBuildFile; fileRef = 9B214DE226E74B2B0055B5C9 /* IAP.swift */; };
		9B214DE526E74FFA0055B5C9 /* IAPView.swift in Sources */ = {isa = PBXBuildFile; fileRef = 9B214DE426E74FFA0055B5C9 /* IAPView.swift */; };
		9B214DE726E9D44E0055B5C9 /* CustomComma.swift in Sources */ = {isa = PBXBuildFile; fileRef = 9B214DE626E9D44E0055B5C9 /* CustomComma.swift */; };
		9B26B65F26D9D3390083D76E /* CustomPager.swift in Sources */ = {isa = PBXBuildFile; fileRef = 9B26B65E26D9D3390083D76E /* CustomPager.swift */; };
		9B2B8A1C26DC9B3700EA2CED /* gesture.swift in Sources */ = {isa = PBXBuildFile; fileRef = 9B2B8A1B26DC9B3700EA2CED /* gesture.swift */; };
		9B2B8A1E26DCABE300EA2CED /* FirstLaunch.swift in Sources */ = {isa = PBXBuildFile; fileRef = 9B2B8A1D26DCABE300EA2CED /* FirstLaunch.swift */; };
		9B2B8A2126DCBABD00EA2CED /* SettingView.swift in Sources */ = {isa = PBXBuildFile; fileRef = 9B2B8A2026DCBABD00EA2CED /* SettingView.swift */; };
		9B2B8A2326DCEA5B00EA2CED /* SettingViewModel.swift in Sources */ = {isa = PBXBuildFile; fileRef = 9B2B8A2226DCEA5B00EA2CED /* SettingViewModel.swift */; };
		9B2B8A2526DCF4B700EA2CED /* CustomColors.swift in Sources */ = {isa = PBXBuildFile; fileRef = 9B2B8A2426DCF4B700EA2CED /* CustomColors.swift */; };
		9B2E7DA426E087E0007CE2EC /* CustomPathDrawer.swift in Sources */ = {isa = PBXBuildFile; fileRef = 9B2E7DA326E087E0007CE2EC /* CustomPathDrawer.swift */; };
		9B2E7DA626E09A37007CE2EC /* HuntingEffectView.swift in Sources */ = {isa = PBXBuildFile; fileRef = 9B2E7DA526E09A37007CE2EC /* HuntingEffectView.swift */; };
		9B2E7DA826E09B0E007CE2EC /* HuntingEffect.swift in Sources */ = {isa = PBXBuildFile; fileRef = 9B2E7DA726E09B0E007CE2EC /* HuntingEffect.swift */; };
		9B49D0C926D33EEF0021E14C /* NNCK_App.swift in Sources */ = {isa = PBXBuildFile; fileRef = 9B49D0C826D33EEF0021E14C /* NNCK_App.swift */; };
		9B49D0CB26D33EEF0021E14C /* ContentView.swift in Sources */ = {isa = PBXBuildFile; fileRef = 9B49D0CA26D33EEF0021E14C /* ContentView.swift */; };
		9B49D0CD26D33EF00021E14C /* Assets.xcassets in Resources */ = {isa = PBXBuildFile; fileRef = 9B49D0CC26D33EF00021E14C /* Assets.xcassets */; };
		9B49D0D026D33EF00021E14C /* Preview Assets.xcassets in Resources */ = {isa = PBXBuildFile; fileRef = 9B49D0CF26D33EF00021E14C /* Preview Assets.xcassets */; };
		9B49D0EC26D33EFA0021E14C /* catsound_clipped.mp4 in Resources */ = {isa = PBXBuildFile; fileRef = 9B49D0D926D33EFA0021E14C /* catsound_clipped.mp4 */; };
		9B49D0ED26D33EFA0021E14C /* catsound_clipped2.mp4 in Resources */ = {isa = PBXBuildFile; fileRef = 9B49D0DA26D33EFA0021E14C /* catsound_clipped2.mp4 */; };
		9B49D0EE26D33EFA0021E14C /* bird-clipped.mp4 in Resources */ = {isa = PBXBuildFile; fileRef = 9B49D0DB26D33EFA0021E14C /* bird-clipped.mp4 */; };
		9B49D0EF26D33EFA0021E14C /* CameraVIewModel.swift in Sources */ = {isa = PBXBuildFile; fileRef = 9B49D0DD26D33EFA0021E14C /* CameraVIewModel.swift */; };
		9B49D0F026D33EFA0021E14C /* SoundViewModel.swift in Sources */ = {isa = PBXBuildFile; fileRef = 9B49D0DE26D33EFA0021E14C /* SoundViewModel.swift */; };
		9B49D0F526D33EFA0021E14C /* PermissionRequestView.swift in Sources */ = {isa = PBXBuildFile; fileRef = 9B49D0E626D33EFA0021E14C /* PermissionRequestView.swift */; };
		9B49D0F626D33EFA0021E14C /* LaserEffectView.swift in Sources */ = {isa = PBXBuildFile; fileRef = 9B49D0E826D33EFA0021E14C /* LaserEffectView.swift */; };
		9B49D0F726D33EFA0021E14C /* Camera.swift in Sources */ = {isa = PBXBuildFile; fileRef = 9B49D0EA26D33EFA0021E14C /* Camera.swift */; };
		9B49D0F826D33EFA0021E14C /* Sound.swift in Sources */ = {isa = PBXBuildFile; fileRef = 9B49D0EB26D33EFA0021E14C /* Sound.swift */; };
		9B49D0FE26D349E90021E14C /* NewAlbumView.swift in Sources */ = {isa = PBXBuildFile; fileRef = 9B49D0FD26D349E90021E14C /* NewAlbumView.swift */; };
		9B49D10326D365F50021E14C /* AlbumView.swift in Sources */ = {isa = PBXBuildFile; fileRef = 9B49D0FF26D365F50021E14C /* AlbumView.swift */; };
		9B49D10526D365F50021E14C /* CameraView.swift in Sources */ = {isa = PBXBuildFile; fileRef = 9B49D10126D365F50021E14C /* CameraView.swift */; };
		9B49D10626D365F50021E14C /* SoundButtonView.swift in Sources */ = {isa = PBXBuildFile; fileRef = 9B49D10226D365F50021E14C /* SoundButtonView.swift */; };
		9B49D10826D3A37A0021E14C /* Album.swift in Sources */ = {isa = PBXBuildFile; fileRef = 9B49D10726D3A37A0021E14C /* Album.swift */; };
		9B49D10A26D3AB9E0021E14C /* AlbumViewModel.swift in Sources */ = {isa = PBXBuildFile; fileRef = 9B49D10926D3AB9E0021E14C /* AlbumViewModel.swift */; };
		9B50CDDC26D7341600D6D91F /* Tappage.swift in Sources */ = {isa = PBXBuildFile; fileRef = 9B50CDDB26D7341600D6D91F /* Tappage.swift */; };
		9BBEC0F426D7A3FA0027853B /* CustomContextView.swift in Sources */ = {isa = PBXBuildFile; fileRef = 9BBEC0F326D7A3FA0027853B /* CustomContextView.swift */; };
		9BBEC0F626D7A5330027853B /* contextmeny.swift in Sources */ = {isa = PBXBuildFile; fileRef = 9BBEC0F526D7A5330027853B /* contextmeny.swift */; };
		9BD0009326EB79D500CA41B6 /* MoreObjectsView.swift in Sources */ = {isa = PBXBuildFile; fileRef = 9BD0009226EB79D500CA41B6 /* MoreObjectsView.swift */; };
		9BD4956E26E1BA0B00932187 /* DodgeBallEffectView.swift in Sources */ = {isa = PBXBuildFile; fileRef = 9BD4956D26E1BA0B00932187 /* DodgeBallEffectView.swift */; };
		9BFF432326E5B6B800BB44AA /* BannerAds.swift in Sources */ = {isa = PBXBuildFile; fileRef = 9BFF432226E5B6B800BB44AA /* BannerAds.swift */; };
		9BFF432526E5B7E600BB44AA /* GoogleService-Info.plist in Resources */ = {isa = PBXBuildFile; fileRef = 9BFF432426E5B7E600BB44AA /* GoogleService-Info.plist */; };
		9BFF432726E62B0600BB44AA /* ImageCache.swift in Sources */ = {isa = PBXBuildFile; fileRef = 9BFF432626E62B0600BB44AA /* ImageCache.swift */; };
		F64DB1EA3FDA9ECDC07DFF54 /* Pods_NNCK_.framework in Frameworks */ = {isa = PBXBuildFile; fileRef = 4971B7DB30ADC5526064693E /* Pods_NNCK_.framework */; };
/* End PBXBuildFile section */

/* Begin PBXFileReference section */
		4971B7DB30ADC5526064693E /* Pods_NNCK_.framework */ = {isa = PBXFileReference; explicitFileType = wrapper.framework; includeInIndex = 0; path = Pods_NNCK_.framework; sourceTree = BUILT_PRODUCTS_DIR; };
		594495E0E6A9A438F6DA77DE /* Pods-NNCK!.debug.xcconfig */ = {isa = PBXFileReference; includeInIndex = 1; lastKnownFileType = text.xcconfig; name = "Pods-NNCK!.debug.xcconfig"; path = "Target Support Files/Pods-NNCK!/Pods-NNCK!.debug.xcconfig"; sourceTree = "<group>"; };
		76269C62B656A8A98F7169A0 /* Pods-NNCK!.release.xcconfig */ = {isa = PBXFileReference; includeInIndex = 1; lastKnownFileType = text.xcconfig; name = "Pods-NNCK!.release.xcconfig"; path = "Target Support Files/Pods-NNCK!/Pods-NNCK!.release.xcconfig"; sourceTree = "<group>"; };
		9B093CD926E5B03900070425 /* EffectsEnum.swift */ = {isa = PBXFileReference; lastKnownFileType = sourcecode.swift; path = EffectsEnum.swift; sourceTree = "<group>"; };
		9B12E32A26DF92A400898156 /* DragZoom.swift */ = {isa = PBXFileReference; lastKnownFileType = sourcecode.swift; path = DragZoom.swift; sourceTree = "<group>"; };
		9B12E32C26DF9B8200898156 /* FloatingMotionView.swift */ = {isa = PBXFileReference; lastKnownFileType = sourcecode.swift; path = FloatingMotionView.swift; sourceTree = "<group>"; };
		9B214DDE26E748920055B5C9 /* StoreKit.framework */ = {isa = PBXFileReference; lastKnownFileType = wrapper.framework; name = StoreKit.framework; path = System/Library/Frameworks/StoreKit.framework; sourceTree = SDKROOT; };
		9B214DE226E74B2B0055B5C9 /* IAP.swift */ = {isa = PBXFileReference; lastKnownFileType = sourcecode.swift; path = IAP.swift; sourceTree = "<group>"; };
		9B214DE426E74FFA0055B5C9 /* IAPView.swift */ = {isa = PBXFileReference; lastKnownFileType = sourcecode.swift; path = IAPView.swift; sourceTree = "<group>"; };
		9B214DE626E9D44E0055B5C9 /* CustomComma.swift */ = {isa = PBXFileReference; lastKnownFileType = sourcecode.swift; path = CustomComma.swift; sourceTree = "<group>"; };
		9B26B65E26D9D3390083D76E /* CustomPager.swift */ = {isa = PBXFileReference; lastKnownFileType = sourcecode.swift; path = CustomPager.swift; sourceTree = "<group>"; };
		9B2B8A1B26DC9B3700EA2CED /* gesture.swift */ = {isa = PBXFileReference; lastKnownFileType = sourcecode.swift; path = gesture.swift; sourceTree = "<group>"; };
		9B2B8A1D26DCABE300EA2CED /* FirstLaunch.swift */ = {isa = PBXFileReference; lastKnownFileType = sourcecode.swift; path = FirstLaunch.swift; sourceTree = "<group>"; };
		9B2B8A2026DCBABD00EA2CED /* SettingView.swift */ = {isa = PBXFileReference; lastKnownFileType = sourcecode.swift; path = SettingView.swift; sourceTree = "<group>"; };
		9B2B8A2226DCEA5B00EA2CED /* SettingViewModel.swift */ = {isa = PBXFileReference; lastKnownFileType = sourcecode.swift; path = SettingViewModel.swift; sourceTree = "<group>"; };
		9B2B8A2426DCF4B700EA2CED /* CustomColors.swift */ = {isa = PBXFileReference; lastKnownFileType = sourcecode.swift; path = CustomColors.swift; sourceTree = "<group>"; };
		9B2E7DA326E087E0007CE2EC /* CustomPathDrawer.swift */ = {isa = PBXFileReference; lastKnownFileType = sourcecode.swift; path = CustomPathDrawer.swift; sourceTree = "<group>"; };
		9B2E7DA526E09A37007CE2EC /* HuntingEffectView.swift */ = {isa = PBXFileReference; lastKnownFileType = sourcecode.swift; path = HuntingEffectView.swift; sourceTree = "<group>"; };
		9B2E7DA726E09B0E007CE2EC /* HuntingEffect.swift */ = {isa = PBXFileReference; lastKnownFileType = sourcecode.swift; path = HuntingEffect.swift; sourceTree = "<group>"; };
		9B49D0C526D33EEF0021E14C /* NNCK!.app */ = {isa = PBXFileReference; explicitFileType = wrapper.application; includeInIndex = 0; path = "NNCK!.app"; sourceTree = BUILT_PRODUCTS_DIR; };
		9B49D0C826D33EEF0021E14C /* NNCK_App.swift */ = {isa = PBXFileReference; lastKnownFileType = sourcecode.swift; path = NNCK_App.swift; sourceTree = "<group>"; };
		9B49D0CA26D33EEF0021E14C /* ContentView.swift */ = {isa = PBXFileReference; lastKnownFileType = sourcecode.swift; path = ContentView.swift; sourceTree = "<group>"; };
		9B49D0CC26D33EF00021E14C /* Assets.xcassets */ = {isa = PBXFileReference; lastKnownFileType = folder.assetcatalog; path = Assets.xcassets; sourceTree = "<group>"; };
		9B49D0CF26D33EF00021E14C /* Preview Assets.xcassets */ = {isa = PBXFileReference; lastKnownFileType = folder.assetcatalog; path = "Preview Assets.xcassets"; sourceTree = "<group>"; };
		9B49D0D126D33EF00021E14C /* Info.plist */ = {isa = PBXFileReference; lastKnownFileType = text.plist.xml; path = Info.plist; sourceTree = "<group>"; };
		9B49D0D926D33EFA0021E14C /* catsound_clipped.mp4 */ = {isa = PBXFileReference; lastKnownFileType = file; path = catsound_clipped.mp4; sourceTree = "<group>"; };
		9B49D0DA26D33EFA0021E14C /* catsound_clipped2.mp4 */ = {isa = PBXFileReference; lastKnownFileType = file; path = catsound_clipped2.mp4; sourceTree = "<group>"; };
		9B49D0DB26D33EFA0021E14C /* bird-clipped.mp4 */ = {isa = PBXFileReference; lastKnownFileType = file; path = "bird-clipped.mp4"; sourceTree = "<group>"; };
		9B49D0DD26D33EFA0021E14C /* CameraVIewModel.swift */ = {isa = PBXFileReference; fileEncoding = 4; lastKnownFileType = sourcecode.swift; path = CameraVIewModel.swift; sourceTree = "<group>"; };
		9B49D0DE26D33EFA0021E14C /* SoundViewModel.swift */ = {isa = PBXFileReference; fileEncoding = 4; lastKnownFileType = sourcecode.swift; path = SoundViewModel.swift; sourceTree = "<group>"; };
		9B49D0E626D33EFA0021E14C /* PermissionRequestView.swift */ = {isa = PBXFileReference; fileEncoding = 4; lastKnownFileType = sourcecode.swift; path = PermissionRequestView.swift; sourceTree = "<group>"; };
		9B49D0E826D33EFA0021E14C /* LaserEffectView.swift */ = {isa = PBXFileReference; fileEncoding = 4; lastKnownFileType = sourcecode.swift; path = LaserEffectView.swift; sourceTree = "<group>"; };
		9B49D0EA26D33EFA0021E14C /* Camera.swift */ = {isa = PBXFileReference; fileEncoding = 4; lastKnownFileType = sourcecode.swift; path = Camera.swift; sourceTree = "<group>"; };
		9B49D0EB26D33EFA0021E14C /* Sound.swift */ = {isa = PBXFileReference; fileEncoding = 4; lastKnownFileType = sourcecode.swift; path = Sound.swift; sourceTree = "<group>"; };
		9B49D0FD26D349E90021E14C /* NewAlbumView.swift */ = {isa = PBXFileReference; lastKnownFileType = sourcecode.swift; path = NewAlbumView.swift; sourceTree = "<group>"; };
		9B49D0FF26D365F50021E14C /* AlbumView.swift */ = {isa = PBXFileReference; fileEncoding = 4; lastKnownFileType = sourcecode.swift; path = AlbumView.swift; sourceTree = "<group>"; };
		9B49D10126D365F50021E14C /* CameraView.swift */ = {isa = PBXFileReference; fileEncoding = 4; lastKnownFileType = sourcecode.swift; path = CameraView.swift; sourceTree = "<group>"; };
		9B49D10226D365F50021E14C /* SoundButtonView.swift */ = {isa = PBXFileReference; fileEncoding = 4; lastKnownFileType = sourcecode.swift; path = SoundButtonView.swift; sourceTree = "<group>"; };
		9B49D10726D3A37A0021E14C /* Album.swift */ = {isa = PBXFileReference; lastKnownFileType = sourcecode.swift; path = Album.swift; sourceTree = "<group>"; };
		9B49D10926D3AB9E0021E14C /* AlbumViewModel.swift */ = {isa = PBXFileReference; lastKnownFileType = sourcecode.swift; path = AlbumViewModel.swift; sourceTree = "<group>"; };
		9B50CDDB26D7341600D6D91F /* Tappage.swift */ = {isa = PBXFileReference; lastKnownFileType = sourcecode.swift; path = Tappage.swift; sourceTree = "<group>"; };
		9BBEC0F326D7A3FA0027853B /* CustomContextView.swift */ = {isa = PBXFileReference; lastKnownFileType = sourcecode.swift; path = CustomContextView.swift; sourceTree = "<group>"; };
		9BBEC0F526D7A5330027853B /* contextmeny.swift */ = {isa = PBXFileReference; lastKnownFileType = sourcecode.swift; path = contextmeny.swift; sourceTree = "<group>"; };
		9BD0009226EB79D500CA41B6 /* MoreObjectsView.swift */ = {isa = PBXFileReference; lastKnownFileType = sourcecode.swift; path = MoreObjectsView.swift; sourceTree = "<group>"; };
		9BD4956D26E1BA0B00932187 /* DodgeBallEffectView.swift */ = {isa = PBXFileReference; lastKnownFileType = sourcecode.swift; path = DodgeBallEffectView.swift; sourceTree = "<group>"; };
		9BFF432226E5B6B800BB44AA /* BannerAds.swift */ = {isa = PBXFileReference; lastKnownFileType = sourcecode.swift; path = BannerAds.swift; sourceTree = "<group>"; };
		9BFF432426E5B7E600BB44AA /* GoogleService-Info.plist */ = {isa = PBXFileReference; fileEncoding = 4; lastKnownFileType = text.plist.xml; path = "GoogleService-Info.plist"; sourceTree = "<group>"; };
		9BFF432626E62B0600BB44AA /* ImageCache.swift */ = {isa = PBXFileReference; lastKnownFileType = sourcecode.swift; path = ImageCache.swift; sourceTree = "<group>"; };
/* End PBXFileReference section */

/* Begin PBXFrameworksBuildPhase section */
		9B49D0C226D33EEF0021E14C /* Frameworks */ = {
			isa = PBXFrameworksBuildPhase;
			buildActionMask = 2147483647;
			files = (
				F64DB1EA3FDA9ECDC07DFF54 /* Pods_NNCK_.framework in Frameworks */,
				9B214DDF26E748920055B5C9 /* StoreKit.framework in Frameworks */,
			);
			runOnlyForDeploymentPostprocessing = 0;
		};
/* End PBXFrameworksBuildPhase section */

/* Begin PBXGroup section */
		8B242DCEE803BDFDCCCBBD52 /* Frameworks */ = {
			isa = PBXGroup;
			children = (
				9B214DDE26E748920055B5C9 /* StoreKit.framework */,
				4971B7DB30ADC5526064693E /* Pods_NNCK_.framework */,
			);
			name = Frameworks;
			sourceTree = "<group>";
		};
		9B214DE026E74B010055B5C9 /* Merchandises */ = {
			isa = PBXGroup;
			children = (
				9B214DE126E74B200055B5C9 /* IAP */,
				9BFF432126E5B6B000BB44AA /* ADs */,
			);
			path = Merchandises;
			sourceTree = "<group>";
		};
		9B214DE126E74B200055B5C9 /* IAP */ = {
			isa = PBXGroup;
			children = (
				9B214DE226E74B2B0055B5C9 /* IAP.swift */,
				9B214DE426E74FFA0055B5C9 /* IAPView.swift */,
			);
			path = IAP;
			sourceTree = "<group>";
		};
		9B2B8A1F26DCBAB000EA2CED /* Setting */ = {
			isa = PBXGroup;
			children = (
				9B2B8A2026DCBABD00EA2CED /* SettingView.swift */,
				9BD0009226EB79D500CA41B6 /* MoreObjectsView.swift */,
			);
			path = Setting;
			sourceTree = "<group>";
		};
		9B49D0BC26D33EEF0021E14C = {
			isa = PBXGroup;
			children = (
				9B49D0C726D33EEF0021E14C /* NNCK! */,
				9B49D0C626D33EEF0021E14C /* Products */,
				FFA51E24BABE93FC62D69E8E /* Pods */,
				8B242DCEE803BDFDCCCBBD52 /* Frameworks */,
			);
			sourceTree = "<group>";
		};
		9B49D0C626D33EEF0021E14C /* Products */ = {
			isa = PBXGroup;
			children = (
				9B49D0C526D33EEF0021E14C /* NNCK!.app */,
			);
			name = Products;
			sourceTree = "<group>";
		};
		9B49D0C726D33EEF0021E14C /* NNCK! */ = {
			isa = PBXGroup;
			children = (
				9B49D0D726D33EFA0021E14C /* Data */,
				9B214DE026E74B010055B5C9 /* Merchandises */,
				9B49D0DF26D33EFA0021E14C /* View */,
				9B49D0DC26D33EFA0021E14C /* ViewModel */,
				9B49D0E926D33EFA0021E14C /* Model */,
				9B49D0CC26D33EF00021E14C /* Assets.xcassets */,
				9BFF432426E5B7E600BB44AA /* GoogleService-Info.plist */,
				9B49D0D126D33EF00021E14C /* Info.plist */,
				9B49D0CA26D33EEF0021E14C /* ContentView.swift */,
				9B49D0C826D33EEF0021E14C /* NNCK_App.swift */,
				9BD4956C26E1AFEB00932187 /* Customs */,
				9B50CDBC26D7288A00D6D91F /* Tomb */,
				9B49D0CE26D33EF00021E14C /* Preview Content */,
			);
			path = "NNCK!";
			sourceTree = "<group>";
		};
		9B49D0CE26D33EF00021E14C /* Preview Content */ = {
			isa = PBXGroup;
			children = (
				9B49D0CF26D33EF00021E14C /* Preview Assets.xcassets */,
			);
			path = "Preview Content";
			sourceTree = "<group>";
		};
		9B49D0D726D33EFA0021E14C /* Data */ = {
			isa = PBXGroup;
			children = (
				9B49D0D826D33EFA0021E14C /* Sounds */,
			);
			path = Data;
			sourceTree = "<group>";
		};
		9B49D0D826D33EFA0021E14C /* Sounds */ = {
			isa = PBXGroup;
			children = (
				9B49D0D926D33EFA0021E14C /* catsound_clipped.mp4 */,
				9B49D0DA26D33EFA0021E14C /* catsound_clipped2.mp4 */,
				9B49D0DB26D33EFA0021E14C /* bird-clipped.mp4 */,
			);
			path = Sounds;
			sourceTree = "<group>";
		};
		9B49D0DC26D33EFA0021E14C /* ViewModel */ = {
			isa = PBXGroup;
			children = (
				9B49D10926D3AB9E0021E14C /* AlbumViewModel.swift */,
				9B49D0DD26D33EFA0021E14C /* CameraVIewModel.swift */,
				9B2B8A2226DCEA5B00EA2CED /* SettingViewModel.swift */,
				9B49D0DE26D33EFA0021E14C /* SoundViewModel.swift */,
			);
			path = ViewModel;
			sourceTree = "<group>";
		};
		9B49D0DF26D33EFA0021E14C /* View */ = {
			isa = PBXGroup;
			children = (
				9B49D0E026D33EFA0021E14C /* Main */,
				9B49D0E726D33EFA0021E14C /* Effects */,
			);
			path = View;
			sourceTree = "<group>";
		};
		9B49D0E026D33EFA0021E14C /* Main */ = {
			isa = PBXGroup;
			children = (
				9B2B8A1F26DCBAB000EA2CED /* Setting */,
				9B49D0E126D33EFA0021E14C /* Camera */,
				9B49D0E626D33EFA0021E14C /* PermissionRequestView.swift */,
			);
			path = Main;
			sourceTree = "<group>";
		};
		9B49D0E126D33EFA0021E14C /* Camera */ = {
			isa = PBXGroup;
			children = (
				9B49D10126D365F50021E14C /* CameraView.swift */,
				9B49D0FD26D349E90021E14C /* NewAlbumView.swift */,
				9B49D10226D365F50021E14C /* SoundButtonView.swift */,
			);
			path = Camera;
			sourceTree = "<group>";
		};
		9B49D0E726D33EFA0021E14C /* Effects */ = {
			isa = PBXGroup;
			children = (
				9B2E7DA526E09A37007CE2EC /* HuntingEffectView.swift */,
				9BD4956D26E1BA0B00932187 /* DodgeBallEffectView.swift */,
				9B12E32C26DF9B8200898156 /* FloatingMotionView.swift */,
				9B49D0E826D33EFA0021E14C /* LaserEffectView.swift */,
				9B093CD926E5B03900070425 /* EffectsEnum.swift */,
			);
			path = Effects;
			sourceTree = "<group>";
		};
		9B49D0E926D33EFA0021E14C /* Model */ = {
			isa = PBXGroup;
			children = (
				9B49D10726D3A37A0021E14C /* Album.swift */,
				9B49D0EA26D33EFA0021E14C /* Camera.swift */,
				9B2E7DA726E09B0E007CE2EC /* HuntingEffect.swift */,
				9B49D0EB26D33EFA0021E14C /* Sound.swift */,
			);
			path = Model;
			sourceTree = "<group>";
		};
		9B50CDBC26D7288A00D6D91F /* Tomb */ = {
			isa = PBXGroup;
			children = (
				9B49D0FF26D365F50021E14C /* AlbumView.swift */,
				9B50CDDB26D7341600D6D91F /* Tappage.swift */,
				9BBEC0F526D7A5330027853B /* contextmeny.swift */,
				9B2B8A1B26DC9B3700EA2CED /* gesture.swift */,
				9B12E32A26DF92A400898156 /* DragZoom.swift */,
				9BFF432626E62B0600BB44AA /* ImageCache.swift */,
			);
			path = Tomb;
			sourceTree = "<group>";
		};
		9BD4956C26E1AFEB00932187 /* Customs */ = {
			isa = PBXGroup;
			children = (
				9B2B8A1D26DCABE300EA2CED /* FirstLaunch.swift */,
				9BBEC0F326D7A3FA0027853B /* CustomContextView.swift */,
				9B26B65E26D9D3390083D76E /* CustomPager.swift */,
				9B2B8A2426DCF4B700EA2CED /* CustomColors.swift */,
				9B2E7DA326E087E0007CE2EC /* CustomPathDrawer.swift */,
				9B214DE626E9D44E0055B5C9 /* CustomComma.swift */,
			);
			path = Customs;
			sourceTree = "<group>";
		};
		9BFF432126E5B6B000BB44AA /* ADs */ = {
			isa = PBXGroup;
			children = (
				9BFF432226E5B6B800BB44AA /* BannerAds.swift */,
			);
			path = ADs;
			sourceTree = "<group>";
		};
		FFA51E24BABE93FC62D69E8E /* Pods */ = {
			isa = PBXGroup;
			children = (
				594495E0E6A9A438F6DA77DE /* Pods-NNCK!.debug.xcconfig */,
				76269C62B656A8A98F7169A0 /* Pods-NNCK!.release.xcconfig */,
			);
			path = Pods;
			sourceTree = "<group>";
		};
/* End PBXGroup section */

/* Begin PBXNativeTarget section */
		9B49D0C426D33EEF0021E14C /* NNCK! */ = {
			isa = PBXNativeTarget;
			buildConfigurationList = 9B49D0D426D33EF00021E14C /* Build configuration list for PBXNativeTarget "NNCK!" */;
			buildPhases = (
				557AB77494D628942EEBA37E /* [CP] Check Pods Manifest.lock */,
				9B49D0C126D33EEF0021E14C /* Sources */,
				9B49D0C226D33EEF0021E14C /* Frameworks */,
				9B49D0C326D33EEF0021E14C /* Resources */,
				67E6D463578A88A4D1714A01 /* [CP] Embed Pods Frameworks */,
			);
			buildRules = (
			);
			dependencies = (
			);
			name = "NNCK!";
			packageProductDependencies = (
			);
			productName = "NNCK!";
			productReference = 9B49D0C526D33EEF0021E14C /* NNCK!.app */;
			productType = "com.apple.product-type.application";
		};
/* End PBXNativeTarget section */

/* Begin PBXProject section */
		9B49D0BD26D33EEF0021E14C /* Project object */ = {
			isa = PBXProject;
			attributes = {
				LastSwiftUpdateCheck = 1250;
				LastUpgradeCheck = 1250;
				TargetAttributes = {
					9B49D0C426D33EEF0021E14C = {
						CreatedOnToolsVersion = 12.5.1;
					};
				};
			};
			buildConfigurationList = 9B49D0C026D33EEF0021E14C /* Build configuration list for PBXProject "NNCK!" */;
			compatibilityVersion = "Xcode 9.3";
			developmentRegion = en;
			hasScannedForEncodings = 0;
			knownRegions = (
				en,
				Base,
			);
			mainGroup = 9B49D0BC26D33EEF0021E14C;
			packageReferences = (
			);
			productRefGroup = 9B49D0C626D33EEF0021E14C /* Products */;
			projectDirPath = "";
			projectRoot = "";
			targets = (
				9B49D0C426D33EEF0021E14C /* NNCK! */,
			);
		};
/* End PBXProject section */

/* Begin PBXResourcesBuildPhase section */
		9B49D0C326D33EEF0021E14C /* Resources */ = {
			isa = PBXResourcesBuildPhase;
			buildActionMask = 2147483647;
			files = (
				9B49D0EE26D33EFA0021E14C /* bird-clipped.mp4 in Resources */,
				9B49D0D026D33EF00021E14C /* Preview Assets.xcassets in Resources */,
				9B49D0CD26D33EF00021E14C /* Assets.xcassets in Resources */,
				9B49D0EC26D33EFA0021E14C /* catsound_clipped.mp4 in Resources */,
				9B49D0ED26D33EFA0021E14C /* catsound_clipped2.mp4 in Resources */,
				9BFF432526E5B7E600BB44AA /* GoogleService-Info.plist in Resources */,
			);
			runOnlyForDeploymentPostprocessing = 0;
		};
/* End PBXResourcesBuildPhase section */

/* Begin PBXShellScriptBuildPhase section */
		557AB77494D628942EEBA37E /* [CP] Check Pods Manifest.lock */ = {
			isa = PBXShellScriptBuildPhase;
			buildActionMask = 2147483647;
			files = (
			);
			inputFileListPaths = (
			);
			inputPaths = (
				"${PODS_PODFILE_DIR_PATH}/Podfile.lock",
				"${PODS_ROOT}/Manifest.lock",
			);
			name = "[CP] Check Pods Manifest.lock";
			outputFileListPaths = (
			);
			outputPaths = (
				"$(DERIVED_FILE_DIR)/Pods-NNCK!-checkManifestLockResult.txt",
			);
			runOnlyForDeploymentPostprocessing = 0;
			shellPath = /bin/sh;
			shellScript = "diff \"${PODS_PODFILE_DIR_PATH}/Podfile.lock\" \"${PODS_ROOT}/Manifest.lock\" > /dev/null\nif [ $? != 0 ] ; then\n    # print error to STDERR\n    echo \"error: The sandbox is not in sync with the Podfile.lock. Run 'pod install' or update your CocoaPods installation.\" >&2\n    exit 1\nfi\n# This output is used by Xcode 'outputs' to avoid re-running this script phase.\necho \"SUCCESS\" > \"${SCRIPT_OUTPUT_FILE_0}\"\n";
			showEnvVarsInLog = 0;
		};
		67E6D463578A88A4D1714A01 /* [CP] Embed Pods Frameworks */ = {
			isa = PBXShellScriptBuildPhase;
			buildActionMask = 2147483647;
			files = (
			);
			inputFileListPaths = (
				"${PODS_ROOT}/Target Support Files/Pods-NNCK!/Pods-NNCK!-frameworks-${CONFIGURATION}-input-files.xcfilelist",
			);
			name = "[CP] Embed Pods Frameworks";
			outputFileListPaths = (
				"${PODS_ROOT}/Target Support Files/Pods-NNCK!/Pods-NNCK!-frameworks-${CONFIGURATION}-output-files.xcfilelist",
			);
			runOnlyForDeploymentPostprocessing = 0;
			shellPath = /bin/sh;
			shellScript = "\"${PODS_ROOT}/Target Support Files/Pods-NNCK!/Pods-NNCK!-frameworks.sh\"\n";
			showEnvVarsInLog = 0;
		};
/* End PBXShellScriptBuildPhase section */

/* Begin PBXSourcesBuildPhase section */
		9B49D0C126D33EEF0021E14C /* Sources */ = {
			isa = PBXSourcesBuildPhase;
			buildActionMask = 2147483647;
			files = (
				9B49D10326D365F50021E14C /* AlbumView.swift in Sources */,
				9B093CDA26E5B03900070425 /* EffectsEnum.swift in Sources */,
				9BFF432726E62B0600BB44AA /* ImageCache.swift in Sources */,
				9B49D0F726D33EFA0021E14C /* Camera.swift in Sources */,
				9BD0009326EB79D500CA41B6 /* MoreObjectsView.swift in Sources */,
				9B214DE326E74B2B0055B5C9 /* IAP.swift in Sources */,
				9B49D10526D365F50021E14C /* CameraView.swift in Sources */,
				9B2B8A1C26DC9B3700EA2CED /* gesture.swift in Sources */,
				9B49D0F026D33EFA0021E14C /* SoundViewModel.swift in Sources */,
				9B49D10626D365F50021E14C /* SoundButtonView.swift in Sources */,
				9B49D0CB26D33EEF0021E14C /* ContentView.swift in Sources */,
				9B214DE726E9D44E0055B5C9 /* CustomComma.swift in Sources */,
				9B49D0F626D33EFA0021E14C /* LaserEffectView.swift in Sources */,
				9BBEC0F426D7A3FA0027853B /* CustomContextView.swift in Sources */,
				9B26B65F26D9D3390083D76E /* CustomPager.swift in Sources */,
				9B49D0F826D33EFA0021E14C /* Sound.swift in Sources */,
				9B49D10826D3A37A0021E14C /* Album.swift in Sources */,
				9B12E32B26DF92A400898156 /* DragZoom.swift in Sources */,
				9B2B8A2126DCBABD00EA2CED /* SettingView.swift in Sources */,
				9B2B8A2526DCF4B700EA2CED /* CustomColors.swift in Sources */,
				9B2E7DA426E087E0007CE2EC /* CustomPathDrawer.swift in Sources */,
				9B49D0F526D33EFA0021E14C /* PermissionRequestView.swift in Sources */,
				9B50CDDC26D7341600D6D91F /* Tappage.swift in Sources */,
				9B49D0C926D33EEF0021E14C /* NNCK_App.swift in Sources */,
				9BD4956E26E1BA0B00932187 /* DodgeBallEffectView.swift in Sources */,
				9B12E32D26DF9B8200898156 /* FloatingMotionView.swift in Sources */,
				9B2B8A1E26DCABE300EA2CED /* FirstLaunch.swift in Sources */,
				9B49D10A26D3AB9E0021E14C /* AlbumViewModel.swift in Sources */,
				9BFF432326E5B6B800BB44AA /* BannerAds.swift in Sources */,
				9BBEC0F626D7A5330027853B /* contextmeny.swift in Sources */,
				9B2B8A2326DCEA5B00EA2CED /* SettingViewModel.swift in Sources */,
				9B214DE526E74FFA0055B5C9 /* IAPView.swift in Sources */,
				9B49D0EF26D33EFA0021E14C /* CameraVIewModel.swift in Sources */,
				9B49D0FE26D349E90021E14C /* NewAlbumView.swift in Sources */,
				9B2E7DA826E09B0E007CE2EC /* HuntingEffect.swift in Sources */,
				9B2E7DA626E09A37007CE2EC /* HuntingEffectView.swift in Sources */,
			);
			runOnlyForDeploymentPostprocessing = 0;
		};
/* End PBXSourcesBuildPhase section */

/* Begin XCBuildConfiguration section */
		9B49D0D226D33EF00021E14C /* Debug */ = {
			isa = XCBuildConfiguration;
			buildSettings = {
				ALWAYS_SEARCH_USER_PATHS = NO;
				CLANG_ANALYZER_NONNULL = YES;
				CLANG_ANALYZER_NUMBER_OBJECT_CONVERSION = YES_AGGRESSIVE;
				CLANG_CXX_LANGUAGE_STANDARD = "gnu++14";
				CLANG_CXX_LIBRARY = "libc++";
				CLANG_ENABLE_MODULES = YES;
				CLANG_ENABLE_OBJC_ARC = YES;
				CLANG_ENABLE_OBJC_WEAK = YES;
				CLANG_WARN_BLOCK_CAPTURE_AUTORELEASING = YES;
				CLANG_WARN_BOOL_CONVERSION = YES;
				CLANG_WARN_COMMA = YES;
				CLANG_WARN_CONSTANT_CONVERSION = YES;
				CLANG_WARN_DEPRECATED_OBJC_IMPLEMENTATIONS = YES;
				CLANG_WARN_DIRECT_OBJC_ISA_USAGE = YES_ERROR;
				CLANG_WARN_DOCUMENTATION_COMMENTS = YES;
				CLANG_WARN_EMPTY_BODY = YES;
				CLANG_WARN_ENUM_CONVERSION = YES;
				CLANG_WARN_INFINITE_RECURSION = YES;
				CLANG_WARN_INT_CONVERSION = YES;
				CLANG_WARN_NON_LITERAL_NULL_CONVERSION = YES;
				CLANG_WARN_OBJC_IMPLICIT_RETAIN_SELF = YES;
				CLANG_WARN_OBJC_LITERAL_CONVERSION = YES;
				CLANG_WARN_OBJC_ROOT_CLASS = YES_ERROR;
				CLANG_WARN_QUOTED_INCLUDE_IN_FRAMEWORK_HEADER = YES;
				CLANG_WARN_RANGE_LOOP_ANALYSIS = YES;
				CLANG_WARN_STRICT_PROTOTYPES = YES;
				CLANG_WARN_SUSPICIOUS_MOVE = YES;
				CLANG_WARN_UNGUARDED_AVAILABILITY = YES_AGGRESSIVE;
				CLANG_WARN_UNREACHABLE_CODE = YES;
				CLANG_WARN__DUPLICATE_METHOD_MATCH = YES;
				COPY_PHASE_STRIP = NO;
				DEBUG_INFORMATION_FORMAT = dwarf;
				ENABLE_STRICT_OBJC_MSGSEND = YES;
				ENABLE_TESTABILITY = YES;
				GCC_C_LANGUAGE_STANDARD = gnu11;
				GCC_DYNAMIC_NO_PIC = NO;
				GCC_NO_COMMON_BLOCKS = YES;
				GCC_OPTIMIZATION_LEVEL = 0;
				GCC_PREPROCESSOR_DEFINITIONS = (
					"DEBUG=1",
					"$(inherited)",
				);
				GCC_WARN_64_TO_32_BIT_CONVERSION = YES;
				GCC_WARN_ABOUT_RETURN_TYPE = YES_ERROR;
				GCC_WARN_UNDECLARED_SELECTOR = YES;
				GCC_WARN_UNINITIALIZED_AUTOS = YES_AGGRESSIVE;
				GCC_WARN_UNUSED_FUNCTION = YES;
				GCC_WARN_UNUSED_VARIABLE = YES;
				IPHONEOS_DEPLOYMENT_TARGET = 14.5;
				MTL_ENABLE_DEBUG_INFO = INCLUDE_SOURCE;
				MTL_FAST_MATH = YES;
				ONLY_ACTIVE_ARCH = YES;
				SDKROOT = iphoneos;
				SWIFT_ACTIVE_COMPILATION_CONDITIONS = DEBUG;
				SWIFT_OPTIMIZATION_LEVEL = "-Onone";
			};
			name = Debug;
		};
		9B49D0D326D33EF00021E14C /* Release */ = {
			isa = XCBuildConfiguration;
			buildSettings = {
				ALWAYS_SEARCH_USER_PATHS = NO;
				CLANG_ANALYZER_NONNULL = YES;
				CLANG_ANALYZER_NUMBER_OBJECT_CONVERSION = YES_AGGRESSIVE;
				CLANG_CXX_LANGUAGE_STANDARD = "gnu++14";
				CLANG_CXX_LIBRARY = "libc++";
				CLANG_ENABLE_MODULES = YES;
				CLANG_ENABLE_OBJC_ARC = YES;
				CLANG_ENABLE_OBJC_WEAK = YES;
				CLANG_WARN_BLOCK_CAPTURE_AUTORELEASING = YES;
				CLANG_WARN_BOOL_CONVERSION = YES;
				CLANG_WARN_COMMA = YES;
				CLANG_WARN_CONSTANT_CONVERSION = YES;
				CLANG_WARN_DEPRECATED_OBJC_IMPLEMENTATIONS = YES;
				CLANG_WARN_DIRECT_OBJC_ISA_USAGE = YES_ERROR;
				CLANG_WARN_DOCUMENTATION_COMMENTS = YES;
				CLANG_WARN_EMPTY_BODY = YES;
				CLANG_WARN_ENUM_CONVERSION = YES;
				CLANG_WARN_INFINITE_RECURSION = YES;
				CLANG_WARN_INT_CONVERSION = YES;
				CLANG_WARN_NON_LITERAL_NULL_CONVERSION = YES;
				CLANG_WARN_OBJC_IMPLICIT_RETAIN_SELF = YES;
				CLANG_WARN_OBJC_LITERAL_CONVERSION = YES;
				CLANG_WARN_OBJC_ROOT_CLASS = YES_ERROR;
				CLANG_WARN_QUOTED_INCLUDE_IN_FRAMEWORK_HEADER = YES;
				CLANG_WARN_RANGE_LOOP_ANALYSIS = YES;
				CLANG_WARN_STRICT_PROTOTYPES = YES;
				CLANG_WARN_SUSPICIOUS_MOVE = YES;
				CLANG_WARN_UNGUARDED_AVAILABILITY = YES_AGGRESSIVE;
				CLANG_WARN_UNREACHABLE_CODE = YES;
				CLANG_WARN__DUPLICATE_METHOD_MATCH = YES;
				COPY_PHASE_STRIP = NO;
				DEBUG_INFORMATION_FORMAT = "dwarf-with-dsym";
				ENABLE_NS_ASSERTIONS = NO;
				ENABLE_STRICT_OBJC_MSGSEND = YES;
				GCC_C_LANGUAGE_STANDARD = gnu11;
				GCC_NO_COMMON_BLOCKS = YES;
				GCC_WARN_64_TO_32_BIT_CONVERSION = YES;
				GCC_WARN_ABOUT_RETURN_TYPE = YES_ERROR;
				GCC_WARN_UNDECLARED_SELECTOR = YES;
				GCC_WARN_UNINITIALIZED_AUTOS = YES_AGGRESSIVE;
				GCC_WARN_UNUSED_FUNCTION = YES;
				GCC_WARN_UNUSED_VARIABLE = YES;
				IPHONEOS_DEPLOYMENT_TARGET = 14.5;
				MTL_ENABLE_DEBUG_INFO = NO;
				MTL_FAST_MATH = YES;
				SDKROOT = iphoneos;
				SWIFT_COMPILATION_MODE = wholemodule;
				SWIFT_OPTIMIZATION_LEVEL = "-O";
				VALIDATE_PRODUCT = YES;
			};
			name = Release;
		};
		9B49D0D526D33EF00021E14C /* Debug */ = {
			isa = XCBuildConfiguration;
			baseConfigurationReference = 594495E0E6A9A438F6DA77DE /* Pods-NNCK!.debug.xcconfig */;
			buildSettings = {
				ASSETCATALOG_COMPILER_APPICON_NAME = AppIcon;
				ASSETCATALOG_COMPILER_GLOBAL_ACCENT_COLOR_NAME = AccentColor;
				CODE_SIGN_STYLE = Automatic;
				DEVELOPMENT_ASSET_PATHS = "\"NNCK!/Preview Content\"";
				DEVELOPMENT_TEAM = W6QHM4Y43Z;
				ENABLE_PREVIEWS = YES;
				INFOPLIST_FILE = "NNCK!/Info.plist";
				IPHONEOS_DEPLOYMENT_TARGET = 14.0;
				LD_RUNPATH_SEARCH_PATHS = (
					"$(inherited)",
					"@executable_path/Frameworks",
				);
				PRODUCT_BUNDLE_IDENTIFIER = com.enebin.NNCK;
				PRODUCT_NAME = "$(TARGET_NAME)";
				SWIFT_VERSION = 5.0;
				TARGETED_DEVICE_FAMILY = "1,2";
			};
			name = Debug;
		};
		9B49D0D626D33EF00021E14C /* Release */ = {
			isa = XCBuildConfiguration;
			baseConfigurationReference = 76269C62B656A8A98F7169A0 /* Pods-NNCK!.release.xcconfig */;
			buildSettings = {
				ASSETCATALOG_COMPILER_APPICON_NAME = AppIcon;
				ASSETCATALOG_COMPILER_GLOBAL_ACCENT_COLOR_NAME = AccentColor;
				CODE_SIGN_STYLE = Automatic;
				DEVELOPMENT_ASSET_PATHS = "\"NNCK!/Preview Content\"";
				DEVELOPMENT_TEAM = W6QHM4Y43Z;
				ENABLE_PREVIEWS = YES;
				INFOPLIST_FILE = "NNCK!/Info.plist";
				IPHONEOS_DEPLOYMENT_TARGET = 14.0;
				LD_RUNPATH_SEARCH_PATHS = (
					"$(inherited)",
					"@executable_path/Frameworks",
				);
				PRODUCT_BUNDLE_IDENTIFIER = com.enebin.NNCK;
				PRODUCT_NAME = "$(TARGET_NAME)";
				SWIFT_VERSION = 5.0;
				TARGETED_DEVICE_FAMILY = "1,2";
			};
			name = Release;
		};
/* End XCBuildConfiguration section */

/* Begin XCConfigurationList section */
		9B49D0C026D33EEF0021E14C /* Build configuration list for PBXProject "NNCK!" */ = {
			isa = XCConfigurationList;
			buildConfigurations = (
				9B49D0D226D33EF00021E14C /* Debug */,
				9B49D0D326D33EF00021E14C /* Release */,
			);
			defaultConfigurationIsVisible = 0;
			defaultConfigurationName = Release;
		};
		9B49D0D426D33EF00021E14C /* Build configuration list for PBXNativeTarget "NNCK!" */ = {
			isa = XCConfigurationList;
			buildConfigurations = (
				9B49D0D526D33EF00021E14C /* Debug */,
				9B49D0D626D33EF00021E14C /* Release */,
			);
			defaultConfigurationIsVisible = 0;
			defaultConfigurationName = Release;
		};
/* End XCConfigurationList section */
	};
	rootObject = 9B49D0BD26D33EEF0021E14C /* Project object */;
}
